lockfileVersion: '6.0'

devDependencies:
  editorconfig-checker:
    specifier: ^5.0.1
    version: 5.0.1

packages:

  /editorconfig-checker@5.0.1:
    resolution: {integrity: sha512-6hXq9VVDkyCxVYKdGtIj+yhVR1fi/6W6Ykz/+kItLPARulJvr2/VXgWZ5OGWx1UYm2RD6XOzWyx1JF6DLgQ/8Q==}
    hasBin: true
    dev: true
